
Microsoft Visual Studio Solution File, Format Version 12.00
# Visual Studio 14
VisualStudioVersion = 14.0.25420.1
MinimumVisualStudioVersion = 10.0.40219.1
Project("{FAE04EC0-301F-11D3-BF4B-00C04F79EFBC}") = "Client", "Client\Client.csproj", "{AFCB893B-D155-4F06-AC12-D5E86ACFC259}"
EndProject
Project("{FAE04EC0-301F-11D3-BF4B-00C04F79EFBC}") = "Server", "Server\Server.csproj", "{A695912C-E61B-4A48-A1CD-4211F762E644}"
EndProject
Global
	GlobalSection(SolutionConfigurationPlatforms) = preSolution
		Debug|Any CPU = Debug|Any CPU
		Release|Any CPU = Release|Any CPU
	EndGlobalSection
	GlobalSection(ProjectConfigurationPlatforms) = postSolution
		{AFCB893B-D155-4F06-AC12-D5E86ACFC259}.Debug|Any CPU.ActiveCfg = Debug|Any CPU
		{AFCB893B-D155-4F06-AC12-D5E86ACFC259}.Debug|Any CPU.Build.0 = Debug|Any CPU
		{AFCB893B-D155-4F06-AC12-D5E86ACFC259}.Release|Any CPU.ActiveCfg = Release|Any CPU
		{AFCB893B-D155-4F06-AC12-D5E86ACFC259}.Release|Any CPU.Build.0 = Release|Any CPU
		{A695912C-E61B-4A48-A1CD-4211F762E644}.Debug|Any CPU.ActiveCfg = Debug|Any CPU
		{A695912C-E61B-4A48-A1CD-4211F762E644}.Debug|Any CPU.Build.0 = Debug|Any CPU
		{A695912C-E61B-4A48-A1CD-4211F762E644}.Release|Any CPU.ActiveCfg = Release|Any CPU
		{A695912C-E61B-4A48-A1CD-4211F762E644}.Release|Any CPU.Build.0 = Release|Any CPU
	EndGlobalSection
	GlobalSection(SolutionProperties) = preSolution
		HideSolutionNode = FALSE
	EndGlobalSection
EndGlobal
